PODS:
  - AFNetworking (1.2.1)
  - ios-etsy-sdk (1.0):
    - AFNetworking (>= 1.2.1)
  - Kiwi (2.1)

DEPENDENCIES:
  - ios-etsy-sdk (from `../`)
  - Kiwi

EXTERNAL SOURCES:
  ios-etsy-sdk:
    :path: ../

SPEC CHECKSUMS:
  AFNetworking: a44069e3c9c89867544f6639482f155c7e5f9b41
  ios-etsy-sdk: 4479b670e2a8d868e65896a315b60e2c88aff24d
  Kiwi: 054ef97d0e50c279b21113a0880a906fa153a7fd

COCOAPODS: 0.19.1
