<?xml version="1.0" encoding="UTF-8"?>
<!DOCTYPE plist PUBLIC "-//Apple//DTD PLIST 1.0//EN" "http://www.apple.com/DTDs/PropertyList-1.0.dtd">
<plist version="1.0">
<dict>
	<key>archiveVersion</key>
	<string>1</string>
	<key>classes</key>
	<dict/>
	<key>objectVersion</key>
	<string>46</string>
	<key>objects</key>
	<dict>
		<key>006008B87AA948D4A8A02B92</key>
		<dict>
			<key>buildActionMask</key>
			<string>2147483647</string>
			<key>files</key>
			<array/>
			<key>inputPaths</key>
			<array/>
			<key>isa</key>
			<string>PBXShellScriptBuildPhase</string>
			<key>name</key>
			<string>Copy Pods Resources</string>
			<key>outputPaths</key>
			<array/>
			<key>runOnlyForDeploymentPostprocessing</key>
			<string>0</string>
			<key>shellPath</key>
			<string>/bin/sh</string>
			<key>shellScript</key>
			<string>"${SRCROOT}/Pods/Pods-ios-etsy-sdkTests-resources.sh"
</string>
			<key>showEnvVarsInLog</key>
			<string>1</string>
		</dict>
		<key>6059CD7B17574C1800561EAB</key>
		<dict>
			<key>fileEncoding</key>
			<string>4</string>
			<key>isa</key>
			<string>PBXFileReference</string>
			<key>lastKnownFileType</key>
			<string>sourcecode.c.h</string>
			<key>path</key>
			<string>ios-etsy-sdk-Prefix.pch</string>
			<key>sourceTree</key>
			<string>&lt;group&gt;</string>
		</dict>
		<key>60F683611757523C00DCB415</key>
		<dict>
			<key>fileRef</key>
			<string>76A349D416A2315000245820</string>
			<key>isa</key>
			<string>PBXBuildFile</string>
		</dict>
		<key>60F683621757525B00DCB415</key>
		<dict>
			<key>fileRef</key>
			<string>76A349D716A2317E00245820</string>
			<key>isa</key>
			<string>PBXBuildFile</string>
		</dict>
		<key>761FC76B17419F4D009EBEDC</key>
		<dict>
			<key>isa</key>
			<string>PBXFileReference</string>
			<key>lastKnownFileType</key>
			<string>wrapper.framework</string>
			<key>name</key>
			<string>UIKit.framework</string>
			<key>path</key>
			<string>System/Library/Frameworks/UIKit.framework</string>
			<key>sourceTree</key>
			<string>SDKROOT</string>
		</dict>
		<key>761FC76D17419F8A009EBEDC</key>
		<dict>
			<key>fileRef</key>
			<string>761FC76B17419F4D009EBEDC</string>
			<key>isa</key>
			<string>PBXBuildFile</string>
		</dict>
		<key>762830871742D91D00546C57</key>
		<dict>
			<key>fileEncoding</key>
			<string>4</string>
			<key>isa</key>
			<string>PBXFileReference</string>
			<key>lastKnownFileType</key>
			<string>sourcecode.c.h</string>
			<key>path</key>
			<string>SOSTestURLInterceptor.h</string>
			<key>sourceTree</key>
			<string>&lt;group&gt;</string>
		</dict>
		<key>762830881742D91D00546C57</key>
		<dict>
			<key>fileEncoding</key>
			<string>4</string>
			<key>isa</key>
			<string>PBXFileReference</string>
			<key>lastKnownFileType</key>
			<string>sourcecode.c.objc</string>
			<key>path</key>
			<string>SOSTestURLInterceptor.m</string>
			<key>sourceTree</key>
			<string>&lt;group&gt;</string>
		</dict>
		<key>762830891742D91D00546C57</key>
		<dict>
			<key>fileRef</key>
			<string>762830881742D91D00546C57</string>
			<key>isa</key>
			<string>PBXBuildFile</string>
		</dict>
		<key>769A38CB1757F46D009553FE</key>
		<dict>
			<key>isa</key>
			<string>PBXFileReference</string>
			<key>lastKnownFileType</key>
			<string>wrapper.framework</string>
			<key>name</key>
			<string>Security.framework</string>
			<key>path</key>
			<string>System/Library/Frameworks/Security.framework</string>
			<key>sourceTree</key>
			<string>SDKROOT</string>
		</dict>
		<key>769A38CC1757F46D009553FE</key>
		<dict>
			<key>fileRef</key>
			<string>769A38CB1757F46D009553FE</string>
			<key>isa</key>
			<string>PBXBuildFile</string>
		</dict>
		<key>769C3039167BF6B9002FA396</key>
		<dict>
			<key>children</key>
			<array>
				<string>769C305E167BF6BA002FA396</string>
				<string>769C3046167BF6B9002FA396</string>
				<string>769C3045167BF6B9002FA396</string>
				<string>E6C44715D5E547E5B7C99677</string>
				<string>F4074F955C19466A80B565DE</string>
			</array>
			<key>isa</key>
			<string>PBXGroup</string>
			<key>sourceTree</key>
			<string>&lt;group&gt;</string>
		</dict>
		<key>769C303B167BF6B9002FA396</key>
		<dict>
			<key>attributes</key>
			<dict>
				<key>LastUpgradeCheck</key>
				<string>0460</string>
			</dict>
			<key>buildConfigurationList</key>
			<string>769C303E167BF6B9002FA396</string>
			<key>compatibilityVersion</key>
			<string>Xcode 3.2</string>
			<key>developmentRegion</key>
			<string>English</string>
			<key>hasScannedForEncodings</key>
			<string>0</string>
			<key>isa</key>
			<string>PBXProject</string>
			<key>knownRegions</key>
			<array>
				<string>en</string>
			</array>
			<key>mainGroup</key>
			<string>769C3039167BF6B9002FA396</string>
			<key>productRefGroup</key>
			<string>769C3045167BF6B9002FA396</string>
			<key>projectDirPath</key>
			<string></string>
			<key>projectReferences</key>
			<array/>
			<key>projectRoot</key>
			<string></string>
			<key>targets</key>
			<array>
				<string>769C3054167BF6B9002FA396</string>
			</array>
		</dict>
		<key>769C303E167BF6B9002FA396</key>
		<dict>
			<key>buildConfigurations</key>
			<array>
				<string>769C3067167BF6BA002FA396</string>
				<string>769C3068167BF6BA002FA396</string>
			</array>
			<key>defaultConfigurationIsVisible</key>
			<string>0</string>
			<key>defaultConfigurationName</key>
			<string>Release</string>
			<key>isa</key>
			<string>XCConfigurationList</string>
		</dict>
		<key>769C3045167BF6B9002FA396</key>
		<dict>
			<key>children</key>
			<array>
				<string>769C3055167BF6B9002FA396</string>
			</array>
			<key>isa</key>
			<string>PBXGroup</string>
			<key>name</key>
			<string>Products</string>
			<key>sourceTree</key>
			<string>&lt;group&gt;</string>
		</dict>
		<key>769C3046167BF6B9002FA396</key>
		<dict>
			<key>children</key>
			<array>
				<string>769A38CB1757F46D009553FE</string>
				<string>769C3047167BF6B9002FA396</string>
				<string>76A349D716A2317E00245820</string>
				<string>769C3056167BF6B9002FA396</string>
				<string>76A349D416A2315000245820</string>
				<string>761FC76B17419F4D009EBEDC</string>
				<string>F4178D8B8DBB425F9A736D16</string>
			</array>
			<key>isa</key>
			<string>PBXGroup</string>
			<key>name</key>
			<string>Frameworks</string>
			<key>sourceTree</key>
			<string>&lt;group&gt;</string>
		</dict>
		<key>769C3047167BF6B9002FA396</key>
		<dict>
			<key>isa</key>
			<string>PBXFileReference</string>
			<key>lastKnownFileType</key>
			<string>wrapper.framework</string>
			<key>name</key>
			<string>Foundation.framework</string>
			<key>path</key>
			<string>System/Library/Frameworks/Foundation.framework</string>
			<key>sourceTree</key>
			<string>SDKROOT</string>
		</dict>
		<key>769C3050167BF6B9002FA396</key>
		<dict>
			<key>buildActionMask</key>
			<string>2147483647</string>
			<key>files</key>
			<array>
				<string>76D197A31727356900F0846F</string>
				<string>762830891742D91D00546C57</string>
			</array>
			<key>isa</key>
			<string>PBXSourcesBuildPhase</string>
			<key>runOnlyForDeploymentPostprocessing</key>
			<string>0</string>
		</dict>
		<key>769C3051167BF6B9002FA396</key>
		<dict>
			<key>buildActionMask</key>
			<string>2147483647</string>
			<key>files</key>
			<array>
				<string>769A38CC1757F46D009553FE</string>
				<string>60F683621757525B00DCB415</string>
				<string>60F683611757523C00DCB415</string>
				<string>769C3057167BF6B9002FA396</string>
				<string>761FC76D17419F8A009EBEDC</string>
				<string>769C305A167BF6BA002FA396</string>
				<string>AC5E573173504875918AD3C6</string>
			</array>
			<key>isa</key>
			<string>PBXFrameworksBuildPhase</string>
			<key>runOnlyForDeploymentPostprocessing</key>
			<string>0</string>
		</dict>
		<key>769C3052167BF6B9002FA396</key>
		<dict>
			<key>buildActionMask</key>
			<string>2147483647</string>
			<key>files</key>
			<array>
				<string>769C3063167BF6BA002FA396</string>
			</array>
			<key>isa</key>
			<string>PBXResourcesBuildPhase</string>
			<key>runOnlyForDeploymentPostprocessing</key>
			<string>0</string>
		</dict>
		<key>769C3053167BF6B9002FA396</key>
		<dict>
			<key>buildActionMask</key>
			<string>2147483647</string>
			<key>files</key>
			<array/>
			<key>inputPaths</key>
			<array/>
			<key>isa</key>
			<string>PBXShellScriptBuildPhase</string>
			<key>outputPaths</key>
			<array/>
			<key>runOnlyForDeploymentPostprocessing</key>
			<string>0</string>
			<key>shellPath</key>
			<string>/bin/sh</string>
			<key>shellScript</key>
			<string># Run the unit tests in this test bundle.
"${SYSTEM_DEVELOPER_DIR}/Tools/RunUnitTests"
</string>
		</dict>
		<key>769C3054167BF6B9002FA396</key>
		<dict>
			<key>buildConfigurationList</key>
			<string>769C306C167BF6BA002FA396</string>
			<key>buildPhases</key>
			<array>
				<string>DED055D47D654F77B678E2F0</string>
				<string>769C3050167BF6B9002FA396</string>
				<string>769C3051167BF6B9002FA396</string>
				<string>769C3052167BF6B9002FA396</string>
				<string>769C3053167BF6B9002FA396</string>
				<string>FC72B31588BA479690A1EB5E</string>
				<string>006008B87AA948D4A8A02B92</string>
			</array>
			<key>buildRules</key>
			<array/>
			<key>dependencies</key>
			<array/>
			<key>isa</key>
			<string>PBXNativeTarget</string>
			<key>name</key>
			<string>ios-etsy-sdkTests</string>
			<key>productName</key>
			<string>ios-etsy-sdkTests</string>
			<key>productReference</key>
			<string>769C3055167BF6B9002FA396</string>
			<key>productType</key>
			<string>com.apple.product-type.bundle</string>
		</dict>
		<key>769C3055167BF6B9002FA396</key>
		<dict>
			<key>explicitFileType</key>
			<string>wrapper.cfbundle</string>
			<key>includeInIndex</key>
			<string>0</string>
			<key>isa</key>
			<string>PBXFileReference</string>
			<key>path</key>
			<string>ios-etsy-sdkTests.octest</string>
			<key>sourceTree</key>
			<string>BUILT_PRODUCTS_DIR</string>
		</dict>
		<key>769C3056167BF6B9002FA396</key>
		<dict>
			<key>isa</key>
			<string>PBXFileReference</string>
			<key>lastKnownFileType</key>
			<string>wrapper.framework</string>
			<key>name</key>
			<string>SenTestingKit.framework</string>
			<key>path</key>
			<string>Library/Frameworks/SenTestingKit.framework</string>
			<key>sourceTree</key>
			<string>DEVELOPER_DIR</string>
		</dict>
		<key>769C3057167BF6B9002FA396</key>
		<dict>
			<key>fileRef</key>
			<string>769C3056167BF6B9002FA396</string>
			<key>isa</key>
			<string>PBXBuildFile</string>
		</dict>
		<key>769C305A167BF6BA002FA396</key>
		<dict>
			<key>fileRef</key>
			<string>769C3047167BF6B9002FA396</string>
			<key>isa</key>
			<string>PBXBuildFile</string>
		</dict>
		<key>769C305E167BF6BA002FA396</key>
		<dict>
			<key>children</key>
			<array>
				<string>6059CD7B17574C1800561EAB</string>
				<string>76D197A21727356900F0846F</string>
				<string>762830871742D91D00546C57</string>
				<string>762830881742D91D00546C57</string>
				<string>769C305F167BF6BA002FA396</string>
			</array>
			<key>isa</key>
			<string>PBXGroup</string>
			<key>path</key>
			<string>ios-etsy-sdkTests</string>
			<key>sourceTree</key>
			<string>&lt;group&gt;</string>
		</dict>
		<key>769C305F167BF6BA002FA396</key>
		<dict>
			<key>children</key>
			<array>
				<string>769C3060167BF6BA002FA396</string>
				<string>769C3061167BF6BA002FA396</string>
			</array>
			<key>isa</key>
			<string>PBXGroup</string>
			<key>name</key>
			<string>Supporting Files</string>
			<key>sourceTree</key>
			<string>&lt;group&gt;</string>
		</dict>
		<key>769C3060167BF6BA002FA396</key>
		<dict>
			<key>isa</key>
			<string>PBXFileReference</string>
			<key>lastKnownFileType</key>
			<string>text.plist.xml</string>
			<key>path</key>
			<string>ios-etsy-sdkTests-Info.plist</string>
			<key>sourceTree</key>
			<string>&lt;group&gt;</string>
		</dict>
		<key>769C3061167BF6BA002FA396</key>
		<dict>
			<key>children</key>
			<array>
				<string>769C3062167BF6BA002FA396</string>
			</array>
			<key>isa</key>
			<string>PBXVariantGroup</string>
			<key>name</key>
			<string>InfoPlist.strings</string>
			<key>sourceTree</key>
			<string>&lt;group&gt;</string>
		</dict>
		<key>769C3062167BF6BA002FA396</key>
		<dict>
			<key>isa</key>
			<string>PBXFileReference</string>
			<key>lastKnownFileType</key>
			<string>text.plist.strings</string>
			<key>name</key>
			<string>en</string>
			<key>path</key>
			<string>en.lproj/InfoPlist.strings</string>
			<key>sourceTree</key>
			<string>&lt;group&gt;</string>
		</dict>
		<key>769C3063167BF6BA002FA396</key>
		<dict>
			<key>fileRef</key>
			<string>769C3061167BF6BA002FA396</string>
			<key>isa</key>
			<string>PBXBuildFile</string>
		</dict>
		<key>769C3067167BF6BA002FA396</key>
		<dict>
			<key>buildSettings</key>
			<dict>
				<key>ALWAYS_SEARCH_USER_PATHS</key>
				<string>NO</string>
				<key>CLANG_CXX_LANGUAGE_STANDARD</key>
				<string>gnu++0x</string>
				<key>CLANG_CXX_LIBRARY</key>
				<string>libc++</string>
				<key>CLANG_ENABLE_OBJC_ARC</key>
				<string>YES</string>
				<key>CLANG_WARN_EMPTY_BODY</key>
				<string>YES</string>
				<key>CLANG_WARN__DUPLICATE_METHOD_MATCH</key>
				<string>YES</string>
				<key>COPY_PHASE_STRIP</key>
				<string>NO</string>
				<key>GCC_C_LANGUAGE_STANDARD</key>
				<string>gnu99</string>
				<key>GCC_DYNAMIC_NO_PIC</key>
				<string>NO</string>
				<key>GCC_OPTIMIZATION_LEVEL</key>
				<string>0</string>
				<key>GCC_PREPROCESSOR_DEFINITIONS</key>
				<array>
					<string>DEBUG=1</string>
					<string>$(inherited)</string>
				</array>
				<key>GCC_SYMBOLS_PRIVATE_EXTERN</key>
				<string>NO</string>
				<key>GCC_WARN_ABOUT_RETURN_TYPE</key>
				<string>YES</string>
				<key>GCC_WARN_UNINITIALIZED_AUTOS</key>
				<string>YES</string>
				<key>GCC_WARN_UNUSED_VARIABLE</key>
				<string>YES</string>
				<key>IPHONEOS_DEPLOYMENT_TARGET</key>
				<string>6.0</string>
				<key>SDKROOT</key>
				<string>iphoneos</string>
			</dict>
			<key>isa</key>
			<string>XCBuildConfiguration</string>
			<key>name</key>
			<string>Debug</string>
		</dict>
		<key>769C3068167BF6BA002FA396</key>
		<dict>
			<key>buildSettings</key>
			<dict>
				<key>ALWAYS_SEARCH_USER_PATHS</key>
				<string>NO</string>
				<key>CLANG_CXX_LANGUAGE_STANDARD</key>
				<string>gnu++0x</string>
				<key>CLANG_CXX_LIBRARY</key>
				<string>libc++</string>
				<key>CLANG_ENABLE_OBJC_ARC</key>
				<string>YES</string>
				<key>CLANG_WARN_EMPTY_BODY</key>
				<string>YES</string>
				<key>CLANG_WARN__DUPLICATE_METHOD_MATCH</key>
				<string>YES</string>
				<key>COPY_PHASE_STRIP</key>
				<string>YES</string>
				<key>GCC_C_LANGUAGE_STANDARD</key>
				<string>gnu99</string>
				<key>GCC_WARN_ABOUT_RETURN_TYPE</key>
				<string>YES</string>
				<key>GCC_WARN_UNINITIALIZED_AUTOS</key>
				<string>YES</string>
				<key>GCC_WARN_UNUSED_VARIABLE</key>
				<string>YES</string>
				<key>IPHONEOS_DEPLOYMENT_TARGET</key>
				<string>6.0</string>
				<key>SDKROOT</key>
				<string>iphoneos</string>
				<key>VALIDATE_PRODUCT</key>
				<string>YES</string>
			</dict>
			<key>isa</key>
			<string>XCBuildConfiguration</string>
			<key>name</key>
			<string>Release</string>
		</dict>
		<key>769C306C167BF6BA002FA396</key>
		<dict>
			<key>buildConfigurations</key>
			<array>
				<string>769C306D167BF6BA002FA396</string>
				<string>769C306E167BF6BA002FA396</string>
			</array>
			<key>defaultConfigurationIsVisible</key>
			<string>0</string>
			<key>defaultConfigurationName</key>
			<string>Release</string>
			<key>isa</key>
			<string>XCConfigurationList</string>
		</dict>
		<key>769C306D167BF6BA002FA396</key>
		<dict>
			<key>baseConfigurationReference</key>
			<string>F4074F955C19466A80B565DE</string>
			<key>buildSettings</key>
			<dict>
				<key>ALWAYS_SEARCH_USER_PATHS</key>
				<string>YES</string>
				<key>FRAMEWORK_SEARCH_PATHS</key>
				<array>
					<string>$(inherited)</string>
					<string>"$(SYSTEM_APPS_DIR)/Xcode.app/Contents/Developer/Library/Frameworks"</string>
					<string>"$(SRCROOT)"</string>
				</array>
				<key>GCC_PRECOMPILE_PREFIX_HEADER</key>
				<string>YES</string>
				<key>GCC_PREFIX_HEADER</key>
				<string>ios-etsy-sdkTests/ios-etsy-sdk-Prefix.pch</string>
				<key>INFOPLIST_FILE</key>
				<string>ios-etsy-sdkTests/ios-etsy-sdkTests-Info.plist</string>
				<key>LIBRARY_SEARCH_PATHS</key>
				<string>$(inherited)</string>
				<key>OTHER_LDFLAGS</key>
				<string>-all_load</string>
				<key>PRODUCT_NAME</key>
				<string>$(TARGET_NAME)</string>
				<key>USER_HEADER_SEARCH_PATHS</key>
				<string></string>
				<key>WRAPPER_EXTENSION</key>
				<string>octest</string>
			</dict>
			<key>isa</key>
			<string>XCBuildConfiguration</string>
			<key>name</key>
			<string>Debug</string>
		</dict>
		<key>769C306E167BF6BA002FA396</key>
		<dict>
			<key>baseConfigurationReference</key>
			<string>F4074F955C19466A80B565DE</string>
			<key>buildSettings</key>
			<dict>
				<key>ALWAYS_SEARCH_USER_PATHS</key>
				<string>YES</string>
				<key>FRAMEWORK_SEARCH_PATHS</key>
				<array>
					<string>$(inherited)</string>
					<string>"$(SYSTEM_APPS_DIR)/Xcode.app/Contents/Developer/Library/Frameworks"</string>
					<string>"$(SRCROOT)"</string>
				</array>
				<key>GCC_PRECOMPILE_PREFIX_HEADER</key>
				<string>YES</string>
				<key>GCC_PREFIX_HEADER</key>
				<string>ios-etsy-sdkTests/ios-etsy-sdk-Prefix.pch</string>
				<key>INFOPLIST_FILE</key>
				<string>ios-etsy-sdkTests/ios-etsy-sdkTests-Info.plist</string>
				<key>LIBRARY_SEARCH_PATHS</key>
				<string>$(inherited)</string>
				<key>OTHER_LDFLAGS</key>
				<string>-all_load</string>
				<key>PRODUCT_NAME</key>
				<string>$(TARGET_NAME)</string>
				<key>USER_HEADER_SEARCH_PATHS</key>
				<string></string>
				<key>WRAPPER_EXTENSION</key>
				<string>octest</string>
			</dict>
			<key>isa</key>
			<string>XCBuildConfiguration</string>
			<key>name</key>
			<string>Release</string>
		</dict>
		<key>76A349D416A2315000245820</key>
		<dict>
			<key>isa</key>
			<string>PBXFileReference</string>
			<key>lastKnownFileType</key>
			<string>wrapper.framework</string>
			<key>name</key>
			<string>SystemConfiguration.framework</string>
			<key>path</key>
			<string>System/Library/Frameworks/SystemConfiguration.framework</string>
			<key>sourceTree</key>
			<string>SDKROOT</string>
		</dict>
		<key>76A349D716A2317E00245820</key>
		<dict>
			<key>isa</key>
			<string>PBXFileReference</string>
			<key>lastKnownFileType</key>
			<string>wrapper.framework</string>
			<key>name</key>
			<string>MobileCoreServices.framework</string>
			<key>path</key>
			<string>System/Library/Frameworks/MobileCoreServices.framework</string>
			<key>sourceTree</key>
			<string>SDKROOT</string>
		</dict>
		<key>76D197A21727356900F0846F</key>
		<dict>
			<key>fileEncoding</key>
			<string>4</string>
			<key>isa</key>
			<string>PBXFileReference</string>
			<key>lastKnownFileType</key>
			<string>sourcecode.c.objc</string>
			<key>path</key>
			<string>SOSEtsyApiClientSpec.m</string>
			<key>sourceTree</key>
			<string>&lt;group&gt;</string>
		</dict>
		<key>76D197A31727356900F0846F</key>
		<dict>
			<key>fileRef</key>
			<string>76D197A21727356900F0846F</string>
			<key>isa</key>
			<string>PBXBuildFile</string>
		</dict>
		<key>AC5E573173504875918AD3C6</key>
		<dict>
			<key>fileRef</key>
			<string>F4178D8B8DBB425F9A736D16</string>
			<key>isa</key>
			<string>PBXBuildFile</string>
			<key>settings</key>
			<dict/>
		</dict>
		<key>DED055D47D654F77B678E2F0</key>
		<dict>
			<key>buildActionMask</key>
			<string>2147483647</string>
			<key>files</key>
			<array/>
			<key>inputPaths</key>
			<array/>
			<key>isa</key>
			<string>PBXShellScriptBuildPhase</string>
			<key>name</key>
			<string>Check Pods Manifest.lock</string>
			<key>outputPaths</key>
			<array/>
			<key>runOnlyForDeploymentPostprocessing</key>
			<string>0</string>
			<key>shellPath</key>
			<string>/bin/sh</string>
			<key>shellScript</key>
			<string>diff "${PODS_ROOT}/../Podfile.lock" "${PODS_ROOT}/Manifest.lock" &gt; /dev/null
if [[ $? != 0 ]] ; then
    cat &lt;&lt; EOM
error: The sandbox is not in sync with the Podfile.lock. Run 'pod install' or update your CocoaPods installation.
EOM
    exit 1
fi
</string>
			<key>showEnvVarsInLog</key>
			<string>1</string>
		</dict>
		<key>E6C44715D5E547E5B7C99677</key>
		<dict>
			<key>includeInIndex</key>
			<string>1</string>
			<key>isa</key>
			<string>PBXFileReference</string>
			<key>lastKnownFileType</key>
			<string>text.xcconfig</string>
			<key>name</key>
			<string>Pods-ios-etsy-sdkTests.xcconfig</string>
			<key>path</key>
			<string>Pods/Pods-ios-etsy-sdkTests.xcconfig</string>
			<key>sourceTree</key>
			<string>SOURCE_ROOT</string>
		</dict>
		<key>F4074F955C19466A80B565DE</key>
		<dict>
			<key>includeInIndex</key>
			<string>1</string>
			<key>isa</key>
			<string>PBXFileReference</string>
			<key>lastKnownFileType</key>
			<string>text.xcconfig</string>
			<key>name</key>
			<string>Pods-ios-etsy-sdkTests.xcconfig</string>
			<key>path</key>
			<string>Pods/Pods-ios-etsy-sdkTests.xcconfig</string>
			<key>sourceTree</key>
			<string>SOURCE_ROOT</string>
		</dict>
		<key>F4178D8B8DBB425F9A736D16</key>
		<dict>
			<key>explicitFileType</key>
			<string>archive.ar</string>
			<key>includeInIndex</key>
			<string>0</string>
			<key>isa</key>
			<string>PBXFileReference</string>
			<key>name</key>
			<string>libPods-ios-etsy-sdkTests.a</string>
			<key>path</key>
			<string>libPods-ios-etsy-sdkTests.a</string>
			<key>sourceTree</key>
			<string>BUILT_PRODUCTS_DIR</string>
		</dict>
		<key>FC72B31588BA479690A1EB5E</key>
		<dict>
			<key>buildActionMask</key>
			<string>2147483647</string>
			<key>files</key>
			<array/>
			<key>inputPaths</key>
			<array/>
			<key>isa</key>
			<string>PBXShellScriptBuildPhase</string>
			<key>name</key>
			<string>Copy Pods Resources</string>
			<key>outputPaths</key>
			<array/>
			<key>runOnlyForDeploymentPostprocessing</key>
			<string>0</string>
			<key>shellPath</key>
			<string>/bin/sh</string>
			<key>shellScript</key>
			<string>"${SRCROOT}/Pods/Pods-ios-etsy-sdkTests-resources.sh"
</string>
		</dict>
	</dict>
	<key>rootObject</key>
	<string>769C303B167BF6B9002FA396</string>
</dict>
</plist>
