// !$*UTF8*$!
{
	archiveVersion = 1;
	classes = {
	};
	objectVersion = 46;
	objects = {

/* Begin PBXBuildFile section */
		761FC76D17419F8A009EBEDC /* UIKit.framework in Frameworks */ = {isa = PBXBuildFile; fileRef = 761FC76B17419F4D009EBEDC /* UIKit.framework */; };
		762830891742D91D00546C57 /* SOSTestURLInterceptor.m in Sources */ = {isa = PBXBuildFile; fileRef = 762830881742D91D00546C57 /* SOSTestURLInterceptor.m */; };
		76305DB416B32746000014C1 /* SOSEtsyShopRequest.h in Headers */ = {isa = PBXBuildFile; fileRef = 76305DB216B32746000014C1 /* SOSEtsyShopRequest.h */; settings = {ATTRIBUTES = (Public, ); }; };
		76305DB516B32746000014C1 /* SOSEtsyShopRequest.m in Sources */ = {isa = PBXBuildFile; fileRef = 76305DB316B32746000014C1 /* SOSEtsyShopRequest.m */; };
		76305DB916B3293E000014C1 /* SOSEtsyShop.h in Headers */ = {isa = PBXBuildFile; fileRef = 76305DB716B3293E000014C1 /* SOSEtsyShop.h */; settings = {ATTRIBUTES = (Public, ); }; };
		76305DBA16B3293E000014C1 /* SOSEtsyShop.m in Sources */ = {isa = PBXBuildFile; fileRef = 76305DB816B3293E000014C1 /* SOSEtsyShop.m */; };
		76305DBD16B32ADD000014C1 /* SOSEtsyShopResult.h in Headers */ = {isa = PBXBuildFile; fileRef = 76305DBB16B32ADD000014C1 /* SOSEtsyShopResult.h */; settings = {ATTRIBUTES = (Public, ); }; };
		76305DBE16B32ADD000014C1 /* SOSEtsyShopResult.m in Sources */ = {isa = PBXBuildFile; fileRef = 76305DBC16B32ADD000014C1 /* SOSEtsyShopResult.m */; };
		764D54DB1727304100D45D7A /* libKiwi.a in Frameworks */ = {isa = PBXBuildFile; fileRef = 764D54D61727301300D45D7A /* libKiwi.a */; };
		7668EEB61698026700B6D54C /* SOSEtsyListingsResult.h in Headers */ = {isa = PBXBuildFile; fileRef = 76BCEEF2167D41DF007CF802 /* SOSEtsyListingsResult.h */; settings = {ATTRIBUTES = (Public, ); }; };
		7668EEB71698026700B6D54C /* SOSEtsyResult.h in Headers */ = {isa = PBXBuildFile; fileRef = 769C3095167C413F002FA396 /* SOSEtsyResult.h */; settings = {ATTRIBUTES = (Public, ); }; };
		7668EEB81698026700B6D54C /* SOSEtsyConstants.h in Headers */ = {isa = PBXBuildFile; fileRef = 769C30A7167C43D7002FA396 /* SOSEtsyConstants.h */; settings = {ATTRIBUTES = (Public, ); }; };
		7668EEB91698026700B6D54C /* SOSEtsyBaseModel.h in Headers */ = {isa = PBXBuildFile; fileRef = 769C309E167C41C4002FA396 /* SOSEtsyBaseModel.h */; settings = {ATTRIBUTES = (Public, ); }; };
		7668EEBA1698026700B6D54C /* SOSEtsyListing.h in Headers */ = {isa = PBXBuildFile; fileRef = 769C3098167C4165002FA396 /* SOSEtsyListing.h */; settings = {ATTRIBUTES = (Public, ); }; };
		7668EEBB1698026700B6D54C /* SOSEtsyListingImage.h in Headers */ = {isa = PBXBuildFile; fileRef = 769C309B167C4177002FA396 /* SOSEtsyListingImage.h */; settings = {ATTRIBUTES = (Public, ); }; };
		7668EEBC1698026700B6D54C /* SOSEtsyBaseRequest.h in Headers */ = {isa = PBXBuildFile; fileRef = 769C30A1167C4218002FA396 /* SOSEtsyBaseRequest.h */; settings = {ATTRIBUTES = (Public, ); }; };
		7668EEBD1698026700B6D54C /* SOSEtsyListingsRequest.h in Headers */ = {isa = PBXBuildFile; fileRef = 769C30A4167C422A002FA396 /* SOSEtsyListingsRequest.h */; settings = {ATTRIBUTES = (Public, ); }; };
		7668EEBE1698026700B6D54C /* SOSEtsyApiClient.h in Headers */ = {isa = PBXBuildFile; fileRef = 769C304C167BF6B9002FA396 /* SOSEtsyApiClient.h */; settings = {ATTRIBUTES = (Public, ); }; };
		766B75581748D7D100A24E13 /* AFHTTPClient.h in Headers */ = {isa = PBXBuildFile; fileRef = 766B75451748D7D100A24E13 /* AFHTTPClient.h */; };
		766B75591748D7D100A24E13 /* AFHTTPClient.m in Sources */ = {isa = PBXBuildFile; fileRef = 766B75461748D7D100A24E13 /* AFHTTPClient.m */; };
		766B755A1748D7D100A24E13 /* AFHTTPClient.m in Sources */ = {isa = PBXBuildFile; fileRef = 766B75461748D7D100A24E13 /* AFHTTPClient.m */; };
		766B755B1748D7D100A24E13 /* AFHTTPRequestOperation.h in Headers */ = {isa = PBXBuildFile; fileRef = 766B75471748D7D100A24E13 /* AFHTTPRequestOperation.h */; };
		766B755C1748D7D100A24E13 /* AFHTTPRequestOperation.m in Sources */ = {isa = PBXBuildFile; fileRef = 766B75481748D7D100A24E13 /* AFHTTPRequestOperation.m */; };
		766B755D1748D7D100A24E13 /* AFHTTPRequestOperation.m in Sources */ = {isa = PBXBuildFile; fileRef = 766B75481748D7D100A24E13 /* AFHTTPRequestOperation.m */; };
		766B755E1748D7D100A24E13 /* AFImageRequestOperation.h in Headers */ = {isa = PBXBuildFile; fileRef = 766B75491748D7D100A24E13 /* AFImageRequestOperation.h */; };
		766B755F1748D7D100A24E13 /* AFImageRequestOperation.m in Sources */ = {isa = PBXBuildFile; fileRef = 766B754A1748D7D100A24E13 /* AFImageRequestOperation.m */; };
		766B75601748D7D100A24E13 /* AFImageRequestOperation.m in Sources */ = {isa = PBXBuildFile; fileRef = 766B754A1748D7D100A24E13 /* AFImageRequestOperation.m */; };
		766B75611748D7D100A24E13 /* AFJSONRequestOperation.h in Headers */ = {isa = PBXBuildFile; fileRef = 766B754B1748D7D100A24E13 /* AFJSONRequestOperation.h */; };
		766B75621748D7D100A24E13 /* AFJSONRequestOperation.m in Sources */ = {isa = PBXBuildFile; fileRef = 766B754C1748D7D100A24E13 /* AFJSONRequestOperation.m */; };
		766B75631748D7D100A24E13 /* AFJSONRequestOperation.m in Sources */ = {isa = PBXBuildFile; fileRef = 766B754C1748D7D100A24E13 /* AFJSONRequestOperation.m */; };
		766B75641748D7D100A24E13 /* AFNetworkActivityIndicatorManager.h in Headers */ = {isa = PBXBuildFile; fileRef = 766B754D1748D7D100A24E13 /* AFNetworkActivityIndicatorManager.h */; };
		766B75651748D7D100A24E13 /* AFNetworkActivityIndicatorManager.m in Sources */ = {isa = PBXBuildFile; fileRef = 766B754E1748D7D100A24E13 /* AFNetworkActivityIndicatorManager.m */; };
		766B75661748D7D100A24E13 /* AFNetworkActivityIndicatorManager.m in Sources */ = {isa = PBXBuildFile; fileRef = 766B754E1748D7D100A24E13 /* AFNetworkActivityIndicatorManager.m */; };
		766B75671748D7D100A24E13 /* AFNetworking.h in Headers */ = {isa = PBXBuildFile; fileRef = 766B754F1748D7D100A24E13 /* AFNetworking.h */; };
		766B75681748D7D100A24E13 /* AFPropertyListRequestOperation.h in Headers */ = {isa = PBXBuildFile; fileRef = 766B75501748D7D100A24E13 /* AFPropertyListRequestOperation.h */; };
		766B75691748D7D100A24E13 /* AFPropertyListRequestOperation.m in Sources */ = {isa = PBXBuildFile; fileRef = 766B75511748D7D100A24E13 /* AFPropertyListRequestOperation.m */; };
		766B756A1748D7D100A24E13 /* AFPropertyListRequestOperation.m in Sources */ = {isa = PBXBuildFile; fileRef = 766B75511748D7D100A24E13 /* AFPropertyListRequestOperation.m */; };
		766B756B1748D7D100A24E13 /* AFURLConnectionOperation.h in Headers */ = {isa = PBXBuildFile; fileRef = 766B75521748D7D100A24E13 /* AFURLConnectionOperation.h */; };
		766B756C1748D7D100A24E13 /* AFURLConnectionOperation.m in Sources */ = {isa = PBXBuildFile; fileRef = 766B75531748D7D100A24E13 /* AFURLConnectionOperation.m */; };
		766B756D1748D7D100A24E13 /* AFURLConnectionOperation.m in Sources */ = {isa = PBXBuildFile; fileRef = 766B75531748D7D100A24E13 /* AFURLConnectionOperation.m */; };
		766B756E1748D7D100A24E13 /* AFXMLRequestOperation.h in Headers */ = {isa = PBXBuildFile; fileRef = 766B75541748D7D100A24E13 /* AFXMLRequestOperation.h */; };
		766B756F1748D7D100A24E13 /* AFXMLRequestOperation.m in Sources */ = {isa = PBXBuildFile; fileRef = 766B75551748D7D100A24E13 /* AFXMLRequestOperation.m */; };
		766B75701748D7D100A24E13 /* AFXMLRequestOperation.m in Sources */ = {isa = PBXBuildFile; fileRef = 766B75551748D7D100A24E13 /* AFXMLRequestOperation.m */; };
		766B75711748D7D100A24E13 /* UIImageView+AFNetworking.h in Headers */ = {isa = PBXBuildFile; fileRef = 766B75561748D7D100A24E13 /* UIImageView+AFNetworking.h */; };
		766B75721748D7D100A24E13 /* UIImageView+AFNetworking.m in Sources */ = {isa = PBXBuildFile; fileRef = 766B75571748D7D100A24E13 /* UIImageView+AFNetworking.m */; };
		766B75731748D7D100A24E13 /* UIImageView+AFNetworking.m in Sources */ = {isa = PBXBuildFile; fileRef = 766B75571748D7D100A24E13 /* UIImageView+AFNetworking.m */; };
		769C3048167BF6B9002FA396 /* Foundation.framework in Frameworks */ = {isa = PBXBuildFile; fileRef = 769C3047167BF6B9002FA396 /* Foundation.framework */; };
		769C304D167BF6B9002FA396 /* SOSEtsyApiClient.h in CopyFiles */ = {isa = PBXBuildFile; fileRef = 769C304C167BF6B9002FA396 /* SOSEtsyApiClient.h */; };
		769C304F167BF6B9002FA396 /* SOSEtsyApiClient.m in Sources */ = {isa = PBXBuildFile; fileRef = 769C304E167BF6B9002FA396 /* SOSEtsyApiClient.m */; };
		769C3057167BF6B9002FA396 /* SenTestingKit.framework in Frameworks */ = {isa = PBXBuildFile; fileRef = 769C3056167BF6B9002FA396 /* SenTestingKit.framework */; };
		769C305A167BF6BA002FA396 /* Foundation.framework in Frameworks */ = {isa = PBXBuildFile; fileRef = 769C3047167BF6B9002FA396 /* Foundation.framework */; };
		769C305D167BF6BA002FA396 /* libios-etsy-sdk.a in Frameworks */ = {isa = PBXBuildFile; fileRef = 769C3044167BF6B9002FA396 /* libios-etsy-sdk.a */; };
		769C3063167BF6BA002FA396 /* InfoPlist.strings in Resources */ = {isa = PBXBuildFile; fileRef = 769C3061167BF6BA002FA396 /* InfoPlist.strings */; };
		769C3097167C413F002FA396 /* SOSEtsyResult.m in Sources */ = {isa = PBXBuildFile; fileRef = 769C3096167C413F002FA396 /* SOSEtsyResult.m */; };
		769C309A167C4165002FA396 /* SOSEtsyListing.m in Sources */ = {isa = PBXBuildFile; fileRef = 769C3099167C4165002FA396 /* SOSEtsyListing.m */; };
		769C309D167C4177002FA396 /* SOSEtsyListingImage.m in Sources */ = {isa = PBXBuildFile; fileRef = 769C309C167C4177002FA396 /* SOSEtsyListingImage.m */; };
		769C30A0167C41C4002FA396 /* SOSEtsyBaseModel.m in Sources */ = {isa = PBXBuildFile; fileRef = 769C309F167C41C4002FA396 /* SOSEtsyBaseModel.m */; };
		769C30A3167C4218002FA396 /* SOSEtsyBaseRequest.m in Sources */ = {isa = PBXBuildFile; fileRef = 769C30A2167C4218002FA396 /* SOSEtsyBaseRequest.m */; };
		769C30A6167C422A002FA396 /* SOSEtsyListingsRequest.m in Sources */ = {isa = PBXBuildFile; fileRef = 769C30A5167C422A002FA396 /* SOSEtsyListingsRequest.m */; };
		769C30A9167C43D7002FA396 /* SOSEtsyConstants.m in Sources */ = {isa = PBXBuildFile; fileRef = 769C30A8167C43D7002FA396 /* SOSEtsyConstants.m */; };
		76BCEEF4167D41DF007CF802 /* SOSEtsyListingsResult.m in Sources */ = {isa = PBXBuildFile; fileRef = 76BCEEF3167D41DF007CF802 /* SOSEtsyListingsResult.m */; };
		76D197A31727356900F0846F /* SOSEtsyApiClientSpec.m in Sources */ = {isa = PBXBuildFile; fileRef = 76D197A21727356900F0846F /* SOSEtsyApiClientSpec.m */; };
/* End PBXBuildFile section */

/* Begin PBXContainerItemProxy section */
		764D54D51727301300D45D7A /* PBXContainerItemProxy */ = {
			isa = PBXContainerItemProxy;
			containerPortal = 764D54CE1727301300D45D7A /* Kiwi.xcodeproj */;
			proxyType = 2;
			remoteGlobalIDString = F5015B9F11583A77002E9A98;
			remoteInfo = Kiwi;
		};
		764D54D71727301300D45D7A /* PBXContainerItemProxy */ = {
			isa = PBXContainerItemProxy;
			containerPortal = 764D54CE1727301300D45D7A /* Kiwi.xcodeproj */;
			proxyType = 2;
			remoteGlobalIDString = 832C83C7157263B300F160D5;
			remoteInfo = "Kiwi-OSX";
		};
		764D54D91727301300D45D7A /* PBXContainerItemProxy */ = {
			isa = PBXContainerItemProxy;
			containerPortal = 764D54CE1727301300D45D7A /* Kiwi.xcodeproj */;
			proxyType = 2;
			remoteGlobalIDString = F5015C9E11584017002E9A98;
			remoteInfo = KiwiTests;
		};
		769C305B167BF6BA002FA396 /* PBXContainerItemProxy */ = {
			isa = PBXContainerItemProxy;
			containerPortal = 769C303B167BF6B9002FA396 /* Project object */;
			proxyType = 1;
			remoteGlobalIDString = 769C3043167BF6B9002FA396;
			remoteInfo = "ios-etsy-sdk";
		};
/* End PBXContainerItemProxy section */

/* Begin PBXCopyFilesBuildPhase section */
		769C3042167BF6B9002FA396 /* CopyFiles */ = {
			isa = PBXCopyFilesBuildPhase;
			buildActionMask = 2147483647;
			dstPath = "include/${PRODUCT_NAME}";
			dstSubfolderSpec = 16;
			files = (
				769C304D167BF6B9002FA396 /* SOSEtsyApiClient.h in CopyFiles */,
			);
			runOnlyForDeploymentPostprocessing = 0;
		};
/* End PBXCopyFilesBuildPhase section */

/* Begin PBXFileReference section */
		761FC76B17419F4D009EBEDC /* UIKit.framework */ = {isa = PBXFileReference; lastKnownFileType = wrapper.framework; name = UIKit.framework; path = System/Library/Frameworks/UIKit.framework; sourceTree = SDKROOT; };
		762830871742D91D00546C57 /* SOSTestURLInterceptor.h */ = {isa = PBXFileReference; fileEncoding = 4; lastKnownFileType = sourcecode.c.h; path = SOSTestURLInterceptor.h; sourceTree = "<group>"; };
		762830881742D91D00546C57 /* SOSTestURLInterceptor.m */ = {isa = PBXFileReference; fileEncoding = 4; lastKnownFileType = sourcecode.c.objc; path = SOSTestURLInterceptor.m; sourceTree = "<group>"; };
		76305DB216B32746000014C1 /* SOSEtsyShopRequest.h */ = {isa = PBXFileReference; fileEncoding = 4; lastKnownFileType = sourcecode.c.h; path = SOSEtsyShopRequest.h; sourceTree = "<group>"; };
		76305DB316B32746000014C1 /* SOSEtsyShopRequest.m */ = {isa = PBXFileReference; fileEncoding = 4; lastKnownFileType = sourcecode.c.objc; path = SOSEtsyShopRequest.m; sourceTree = "<group>"; };
		76305DB716B3293E000014C1 /* SOSEtsyShop.h */ = {isa = PBXFileReference; fileEncoding = 4; lastKnownFileType = sourcecode.c.h; path = SOSEtsyShop.h; sourceTree = "<group>"; };
		76305DB816B3293E000014C1 /* SOSEtsyShop.m */ = {isa = PBXFileReference; fileEncoding = 4; lastKnownFileType = sourcecode.c.objc; path = SOSEtsyShop.m; sourceTree = "<group>"; };
		76305DBB16B32ADD000014C1 /* SOSEtsyShopResult.h */ = {isa = PBXFileReference; fileEncoding = 4; lastKnownFileType = sourcecode.c.h; path = SOSEtsyShopResult.h; sourceTree = "<group>"; };
		76305DBC16B32ADD000014C1 /* SOSEtsyShopResult.m */ = {isa = PBXFileReference; fileEncoding = 4; lastKnownFileType = sourcecode.c.objc; path = SOSEtsyShopResult.m; sourceTree = "<group>"; };
		764D54CE1727301300D45D7A /* Kiwi.xcodeproj */ = {isa = PBXFileReference; lastKnownFileType = "wrapper.pb-project"; name = Kiwi.xcodeproj; path = Dependencies/Kiwi/Kiwi.xcodeproj; sourceTree = "<group>"; };
		766B75451748D7D100A24E13 /* AFHTTPClient.h */ = {isa = PBXFileReference; fileEncoding = 4; lastKnownFileType = sourcecode.c.h; name = AFHTTPClient.h; path = Dependencies/AFNetworking/AFHTTPClient.h; sourceTree = "<group>"; };
		766B75461748D7D100A24E13 /* AFHTTPClient.m */ = {isa = PBXFileReference; fileEncoding = 4; lastKnownFileType = sourcecode.c.objc; name = AFHTTPClient.m; path = Dependencies/AFNetworking/AFHTTPClient.m; sourceTree = "<group>"; };
		766B75471748D7D100A24E13 /* AFHTTPRequestOperation.h */ = {isa = PBXFileReference; fileEncoding = 4; lastKnownFileType = sourcecode.c.h; name = AFHTTPRequestOperation.h; path = Dependencies/AFNetworking/AFHTTPRequestOperation.h; sourceTree = "<group>"; };
		766B75481748D7D100A24E13 /* AFHTTPRequestOperation.m */ = {isa = PBXFileReference; fileEncoding = 4; lastKnownFileType = sourcecode.c.objc; name = AFHTTPRequestOperation.m; path = Dependencies/AFNetworking/AFHTTPRequestOperation.m; sourceTree = "<group>"; };
		766B75491748D7D100A24E13 /* AFImageRequestOperation.h */ = {isa = PBXFileReference; fileEncoding = 4; lastKnownFileType = sourcecode.c.h; name = AFImageRequestOperation.h; path = Dependencies/AFNetworking/AFImageRequestOperation.h; sourceTree = "<group>"; };
		766B754A1748D7D100A24E13 /* AFImageRequestOperation.m */ = {isa = PBXFileReference; fileEncoding = 4; lastKnownFileType = sourcecode.c.objc; name = AFImageRequestOperation.m; path = Dependencies/AFNetworking/AFImageRequestOperation.m; sourceTree = "<group>"; };
		766B754B1748D7D100A24E13 /* AFJSONRequestOperation.h */ = {isa = PBXFileReference; fileEncoding = 4; lastKnownFileType = sourcecode.c.h; name = AFJSONRequestOperation.h; path = Dependencies/AFNetworking/AFJSONRequestOperation.h; sourceTree = "<group>"; };
		766B754C1748D7D100A24E13 /* AFJSONRequestOperation.m */ = {isa = PBXFileReference; fileEncoding = 4; lastKnownFileType = sourcecode.c.objc; name = AFJSONRequestOperation.m; path = Dependencies/AFNetworking/AFJSONRequestOperation.m; sourceTree = "<group>"; };
		766B754D1748D7D100A24E13 /* AFNetworkActivityIndicatorManager.h */ = {isa = PBXFileReference; fileEncoding = 4; lastKnownFileType = sourcecode.c.h; name = AFNetworkActivityIndicatorManager.h; path = Dependencies/AFNetworking/AFNetworkActivityIndicatorManager.h; sourceTree = "<group>"; };
		766B754E1748D7D100A24E13 /* AFNetworkActivityIndicatorManager.m */ = {isa = PBXFileReference; fileEncoding = 4; lastKnownFileType = sourcecode.c.objc; name = AFNetworkActivityIndicatorManager.m; path = Dependencies/AFNetworking/AFNetworkActivityIndicatorManager.m; sourceTree = "<group>"; };
		766B754F1748D7D100A24E13 /* AFNetworking.h */ = {isa = PBXFileReference; fileEncoding = 4; lastKnownFileType = sourcecode.c.h; name = AFNetworking.h; path = Dependencies/AFNetworking/AFNetworking.h; sourceTree = "<group>"; };
		766B75501748D7D100A24E13 /* AFPropertyListRequestOperation.h */ = {isa = PBXFileReference; fileEncoding = 4; lastKnownFileType = sourcecode.c.h; name = AFPropertyListRequestOperation.h; path = Dependencies/AFNetworking/AFPropertyListRequestOperation.h; sourceTree = "<group>"; };
		766B75511748D7D100A24E13 /* AFPropertyListRequestOperation.m */ = {isa = PBXFileReference; fileEncoding = 4; lastKnownFileType = sourcecode.c.objc; name = AFPropertyListRequestOperation.m; path = Dependencies/AFNetworking/AFPropertyListRequestOperation.m; sourceTree = "<group>"; };
		766B75521748D7D100A24E13 /* AFURLConnectionOperation.h */ = {isa = PBXFileReference; fileEncoding = 4; lastKnownFileType = sourcecode.c.h; name = AFURLConnectionOperation.h; path = Dependencies/AFNetworking/AFURLConnectionOperation.h; sourceTree = "<group>"; };
		766B75531748D7D100A24E13 /* AFURLConnectionOperation.m */ = {isa = PBXFileReference; fileEncoding = 4; lastKnownFileType = sourcecode.c.objc; name = AFURLConnectionOperation.m; path = Dependencies/AFNetworking/AFURLConnectionOperation.m; sourceTree = "<group>"; };
		766B75541748D7D100A24E13 /* AFXMLRequestOperation.h */ = {isa = PBXFileReference; fileEncoding = 4; lastKnownFileType = sourcecode.c.h; name = AFXMLRequestOperation.h; path = Dependencies/AFNetworking/AFXMLRequestOperation.h; sourceTree = "<group>"; };
		766B75551748D7D100A24E13 /* AFXMLRequestOperation.m */ = {isa = PBXFileReference; fileEncoding = 4; lastKnownFileType = sourcecode.c.objc; name = AFXMLRequestOperation.m; path = Dependencies/AFNetworking/AFXMLRequestOperation.m; sourceTree = "<group>"; };
		766B75561748D7D100A24E13 /* UIImageView+AFNetworking.h */ = {isa = PBXFileReference; fileEncoding = 4; lastKnownFileType = sourcecode.c.h; name = "UIImageView+AFNetworking.h"; path = "Dependencies/AFNetworking/UIImageView+AFNetworking.h"; sourceTree = "<group>"; };
		766B75571748D7D100A24E13 /* UIImageView+AFNetworking.m */ = {isa = PBXFileReference; fileEncoding = 4; lastKnownFileType = sourcecode.c.objc; name = "UIImageView+AFNetworking.m"; path = "Dependencies/AFNetworking/UIImageView+AFNetworking.m"; sourceTree = "<group>"; };
		769C3044167BF6B9002FA396 /* libios-etsy-sdk.a */ = {isa = PBXFileReference; explicitFileType = archive.ar; includeInIndex = 0; path = "libios-etsy-sdk.a"; sourceTree = BUILT_PRODUCTS_DIR; };
		769C3047167BF6B9002FA396 /* Foundation.framework */ = {isa = PBXFileReference; lastKnownFileType = wrapper.framework; name = Foundation.framework; path = System/Library/Frameworks/Foundation.framework; sourceTree = SDKROOT; };
		769C304B167BF6B9002FA396 /* ios-etsy-sdk-Prefix.pch */ = {isa = PBXFileReference; lastKnownFileType = sourcecode.c.h; path = "ios-etsy-sdk-Prefix.pch"; sourceTree = "<group>"; };
		769C304C167BF6B9002FA396 /* SOSEtsyApiClient.h */ = {isa = PBXFileReference; lastKnownFileType = sourcecode.c.h; path = SOSEtsyApiClient.h; sourceTree = "<group>"; };
		769C304E167BF6B9002FA396 /* SOSEtsyApiClient.m */ = {isa = PBXFileReference; lastKnownFileType = sourcecode.c.objc; path = SOSEtsyApiClient.m; sourceTree = "<group>"; };
		769C3055167BF6B9002FA396 /* ios-etsy-sdkTests.octest */ = {isa = PBXFileReference; explicitFileType = wrapper.cfbundle; includeInIndex = 0; path = "ios-etsy-sdkTests.octest"; sourceTree = BUILT_PRODUCTS_DIR; };
		769C3056167BF6B9002FA396 /* SenTestingKit.framework */ = {isa = PBXFileReference; lastKnownFileType = wrapper.framework; name = SenTestingKit.framework; path = Library/Frameworks/SenTestingKit.framework; sourceTree = DEVELOPER_DIR; };
		769C3060167BF6BA002FA396 /* ios-etsy-sdkTests-Info.plist */ = {isa = PBXFileReference; lastKnownFileType = text.plist.xml; path = "ios-etsy-sdkTests-Info.plist"; sourceTree = "<group>"; };
		769C3062167BF6BA002FA396 /* en */ = {isa = PBXFileReference; lastKnownFileType = text.plist.strings; name = en; path = en.lproj/InfoPlist.strings; sourceTree = "<group>"; };
		769C3095167C413F002FA396 /* SOSEtsyResult.h */ = {isa = PBXFileReference; fileEncoding = 4; lastKnownFileType = sourcecode.c.h; path = SOSEtsyResult.h; sourceTree = "<group>"; };
		769C3096167C413F002FA396 /* SOSEtsyResult.m */ = {isa = PBXFileReference; fileEncoding = 4; lastKnownFileType = sourcecode.c.objc; path = SOSEtsyResult.m; sourceTree = "<group>"; };
		769C3098167C4165002FA396 /* SOSEtsyListing.h */ = {isa = PBXFileReference; fileEncoding = 4; lastKnownFileType = sourcecode.c.h; path = SOSEtsyListing.h; sourceTree = "<group>"; };
		769C3099167C4165002FA396 /* SOSEtsyListing.m */ = {isa = PBXFileReference; fileEncoding = 4; lastKnownFileType = sourcecode.c.objc; path = SOSEtsyListing.m; sourceTree = "<group>"; };
		769C309B167C4177002FA396 /* SOSEtsyListingImage.h */ = {isa = PBXFileReference; fileEncoding = 4; lastKnownFileType = sourcecode.c.h; path = SOSEtsyListingImage.h; sourceTree = "<group>"; };
		769C309C167C4177002FA396 /* SOSEtsyListingImage.m */ = {isa = PBXFileReference; fileEncoding = 4; lastKnownFileType = sourcecode.c.objc; path = SOSEtsyListingImage.m; sourceTree = "<group>"; };
		769C309E167C41C4002FA396 /* SOSEtsyBaseModel.h */ = {isa = PBXFileReference; fileEncoding = 4; lastKnownFileType = sourcecode.c.h; path = SOSEtsyBaseModel.h; sourceTree = "<group>"; };
		769C309F167C41C4002FA396 /* SOSEtsyBaseModel.m */ = {isa = PBXFileReference; fileEncoding = 4; lastKnownFileType = sourcecode.c.objc; path = SOSEtsyBaseModel.m; sourceTree = "<group>"; };
		769C30A1167C4218002FA396 /* SOSEtsyBaseRequest.h */ = {isa = PBXFileReference; fileEncoding = 4; lastKnownFileType = sourcecode.c.h; path = SOSEtsyBaseRequest.h; sourceTree = "<group>"; };
		769C30A2167C4218002FA396 /* SOSEtsyBaseRequest.m */ = {isa = PBXFileReference; fileEncoding = 4; lastKnownFileType = sourcecode.c.objc; path = SOSEtsyBaseRequest.m; sourceTree = "<group>"; };
		769C30A4167C422A002FA396 /* SOSEtsyListingsRequest.h */ = {isa = PBXFileReference; fileEncoding = 4; lastKnownFileType = sourcecode.c.h; path = SOSEtsyListingsRequest.h; sourceTree = "<group>"; };
		769C30A5167C422A002FA396 /* SOSEtsyListingsRequest.m */ = {isa = PBXFileReference; fileEncoding = 4; lastKnownFileType = sourcecode.c.objc; path = SOSEtsyListingsRequest.m; sourceTree = "<group>"; };
		769C30A7167C43D7002FA396 /* SOSEtsyConstants.h */ = {isa = PBXFileReference; fileEncoding = 4; lastKnownFileType = sourcecode.c.h; path = SOSEtsyConstants.h; sourceTree = "<group>"; };
		769C30A8167C43D7002FA396 /* SOSEtsyConstants.m */ = {isa = PBXFileReference; fileEncoding = 4; lastKnownFileType = sourcecode.c.objc; path = SOSEtsyConstants.m; sourceTree = "<group>"; };
		76A349D416A2315000245820 /* SystemConfiguration.framework */ = {isa = PBXFileReference; lastKnownFileType = wrapper.framework; name = SystemConfiguration.framework; path = System/Library/Frameworks/SystemConfiguration.framework; sourceTree = SDKROOT; };
		76A349D716A2317E00245820 /* MobileCoreServices.framework */ = {isa = PBXFileReference; lastKnownFileType = wrapper.framework; name = MobileCoreServices.framework; path = System/Library/Frameworks/MobileCoreServices.framework; sourceTree = SDKROOT; };
		76BCEEF2167D41DF007CF802 /* SOSEtsyListingsResult.h */ = {isa = PBXFileReference; fileEncoding = 4; lastKnownFileType = sourcecode.c.h; path = SOSEtsyListingsResult.h; sourceTree = "<group>"; };
		76BCEEF3167D41DF007CF802 /* SOSEtsyListingsResult.m */ = {isa = PBXFileReference; fileEncoding = 4; lastKnownFileType = sourcecode.c.objc; path = SOSEtsyListingsResult.m; sourceTree = "<group>"; };
		76D197A21727356900F0846F /* SOSEtsyApiClientSpec.m */ = {isa = PBXFileReference; fileEncoding = 4; lastKnownFileType = sourcecode.c.objc; path = SOSEtsyApiClientSpec.m; sourceTree = "<group>"; };
/* End PBXFileReference section */

/* Begin PBXFrameworksBuildPhase section */
		769C3041167BF6B9002FA396 /* Frameworks */ = {
			isa = PBXFrameworksBuildPhase;
			buildActionMask = 2147483647;
			files = (
				769C3048167BF6B9002FA396 /* Foundation.framework in Frameworks */,
			);
			runOnlyForDeploymentPostprocessing = 0;
		};
		769C3051167BF6B9002FA396 /* Frameworks */ = {
			isa = PBXFrameworksBuildPhase;
			buildActionMask = 2147483647;
			files = (
				761FC76D17419F8A009EBEDC /* UIKit.framework in Frameworks */,
				764D54DB1727304100D45D7A /* libKiwi.a in Frameworks */,
				769C3057167BF6B9002FA396 /* SenTestingKit.framework in Frameworks */,
				769C305A167BF6BA002FA396 /* Foundation.framework in Frameworks */,
				769C305D167BF6BA002FA396 /* libios-etsy-sdk.a in Frameworks */,
			);
			runOnlyForDeploymentPostprocessing = 0;
		};
/* End PBXFrameworksBuildPhase section */

/* Begin PBXGroup section */
		762830601742D89E00546C57 /* AFNetworking */ = {
			isa = PBXGroup;
			children = (
				766B75451748D7D100A24E13 /* AFHTTPClient.h */,
				766B75461748D7D100A24E13 /* AFHTTPClient.m */,
				766B75471748D7D100A24E13 /* AFHTTPRequestOperation.h */,
				766B75481748D7D100A24E13 /* AFHTTPRequestOperation.m */,
				766B75491748D7D100A24E13 /* AFImageRequestOperation.h */,
				766B754A1748D7D100A24E13 /* AFImageRequestOperation.m */,
				766B754B1748D7D100A24E13 /* AFJSONRequestOperation.h */,
				766B754C1748D7D100A24E13 /* AFJSONRequestOperation.m */,
				766B754D1748D7D100A24E13 /* AFNetworkActivityIndicatorManager.h */,
				766B754E1748D7D100A24E13 /* AFNetworkActivityIndicatorManager.m */,
				766B754F1748D7D100A24E13 /* AFNetworking.h */,
				766B75501748D7D100A24E13 /* AFPropertyListRequestOperation.h */,
				766B75511748D7D100A24E13 /* AFPropertyListRequestOperation.m */,
				766B75521748D7D100A24E13 /* AFURLConnectionOperation.h */,
				766B75531748D7D100A24E13 /* AFURLConnectionOperation.m */,
				766B75541748D7D100A24E13 /* AFXMLRequestOperation.h */,
				766B75551748D7D100A24E13 /* AFXMLRequestOperation.m */,
				766B75561748D7D100A24E13 /* UIImageView+AFNetworking.h */,
				766B75571748D7D100A24E13 /* UIImageView+AFNetworking.m */,
			);
			name = AFNetworking;
			sourceTree = "<group>";
		};
		764D54BD17272BA500D45D7A /* Dependencies */ = {
			isa = PBXGroup;
			children = (
				764D54BE17272BD400D45D7A /* Kiwi */,
			);
			name = Dependencies;
			sourceTree = "<group>";
		};
		764D54BE17272BD400D45D7A /* Kiwi */ = {
			isa = PBXGroup;
			children = (
				764D54CE1727301300D45D7A /* Kiwi.xcodeproj */,
			);
			name = Kiwi;
			sourceTree = "<group>";
		};
		764D54CF1727301300D45D7A /* Products */ = {
			isa = PBXGroup;
			children = (
				764D54D61727301300D45D7A /* libKiwi.a */,
				764D54D81727301300D45D7A /* libKiwi-OSX.a */,
				764D54DA1727301300D45D7A /* KiwiTests.octest */,
			);
			name = Products;
			sourceTree = "<group>";
		};
		769C3039167BF6B9002FA396 = {
			isa = PBXGroup;
			children = (
				769C3075167C3EFE002FA396 /* Dependencies */,
				769C3049167BF6B9002FA396 /* ios-etsy-sdk */,
				769C305E167BF6BA002FA396 /* ios-etsy-sdkTests */,
				769C3046167BF6B9002FA396 /* Frameworks */,
				769C3045167BF6B9002FA396 /* Products */,
			);
			sourceTree = "<group>";
		};
		769C3045167BF6B9002FA396 /* Products */ = {
			isa = PBXGroup;
			children = (
				769C3044167BF6B9002FA396 /* libios-etsy-sdk.a */,
				769C3055167BF6B9002FA396 /* ios-etsy-sdkTests.octest */,
			);
			name = Products;
			sourceTree = "<group>";
		};
		769C3046167BF6B9002FA396 /* Frameworks */ = {
			isa = PBXGroup;
			children = (
				769C3047167BF6B9002FA396 /* Foundation.framework */,
				76A349D716A2317E00245820 /* MobileCoreServices.framework */,
				769C3056167BF6B9002FA396 /* SenTestingKit.framework */,
				76A349D416A2315000245820 /* SystemConfiguration.framework */,
				761FC76B17419F4D009EBEDC /* UIKit.framework */,
			);
			name = Frameworks;
			sourceTree = "<group>";
		};
		769C3049167BF6B9002FA396 /* ios-etsy-sdk */ = {
			isa = PBXGroup;
			children = (
				76BCEEF0167D41B6007CF802 /* Results */,
				769C3092167C3FB4002FA396 /* Core */,
				769C3093167C3FBD002FA396 /* Models */,
				769C3094167C3FC3002FA396 /* Requests */,
				769C304C167BF6B9002FA396 /* SOSEtsyApiClient.h */,
				769C304E167BF6B9002FA396 /* SOSEtsyApiClient.m */,
				769C304A167BF6B9002FA396 /* Supporting Files */,
			);
			path = "ios-etsy-sdk";
			sourceTree = "<group>";
		};
		769C304A167BF6B9002FA396 /* Supporting Files */ = {
			isa = PBXGroup;
			children = (
				769C304B167BF6B9002FA396 /* ios-etsy-sdk-Prefix.pch */,
			);
			name = "Supporting Files";
			sourceTree = "<group>";
		};
		769C305E167BF6BA002FA396 /* ios-etsy-sdkTests */ = {
			isa = PBXGroup;
			children = (
				764D54BD17272BA500D45D7A /* Dependencies */,
				76D197A21727356900F0846F /* SOSEtsyApiClientSpec.m */,
				762830871742D91D00546C57 /* SOSTestURLInterceptor.h */,
				762830881742D91D00546C57 /* SOSTestURLInterceptor.m */,
				769C305F167BF6BA002FA396 /* Supporting Files */,
			);
			path = "ios-etsy-sdkTests";
			sourceTree = "<group>";
		};
		769C305F167BF6BA002FA396 /* Supporting Files */ = {
			isa = PBXGroup;
			children = (
				769C3060167BF6BA002FA396 /* ios-etsy-sdkTests-Info.plist */,
				769C3061167BF6BA002FA396 /* InfoPlist.strings */,
			);
			name = "Supporting Files";
			sourceTree = "<group>";
		};
		769C3075167C3EFE002FA396 /* Dependencies */ = {
			isa = PBXGroup;
			children = (
				762830601742D89E00546C57 /* AFNetworking */,
			);
			name = Dependencies;
			sourceTree = "<group>";
		};
		769C3092167C3FB4002FA396 /* Core */ = {
			isa = PBXGroup;
			children = (
				769C3095167C413F002FA396 /* SOSEtsyResult.h */,
				769C3096167C413F002FA396 /* SOSEtsyResult.m */,
				769C30A7167C43D7002FA396 /* SOSEtsyConstants.h */,
				769C30A8167C43D7002FA396 /* SOSEtsyConstants.m */,
			);
			name = Core;
			sourceTree = "<group>";
		};
		769C3093167C3FBD002FA396 /* Models */ = {
			isa = PBXGroup;
			children = (
				769C309E167C41C4002FA396 /* SOSEtsyBaseModel.h */,
				769C309F167C41C4002FA396 /* SOSEtsyBaseModel.m */,
				769C3098167C4165002FA396 /* SOSEtsyListing.h */,
				769C3099167C4165002FA396 /* SOSEtsyListing.m */,
				769C309B167C4177002FA396 /* SOSEtsyListingImage.h */,
				769C309C167C4177002FA396 /* SOSEtsyListingImage.m */,
				76305DB716B3293E000014C1 /* SOSEtsyShop.h */,
				76305DB816B3293E000014C1 /* SOSEtsyShop.m */,
			);
			name = Models;
			sourceTree = "<group>";
		};
		769C3094167C3FC3002FA396 /* Requests */ = {
			isa = PBXGroup;
			children = (
				769C30A1167C4218002FA396 /* SOSEtsyBaseRequest.h */,
				769C30A2167C4218002FA396 /* SOSEtsyBaseRequest.m */,
				769C30A4167C422A002FA396 /* SOSEtsyListingsRequest.h */,
				769C30A5167C422A002FA396 /* SOSEtsyListingsRequest.m */,
				76305DB216B32746000014C1 /* SOSEtsyShopRequest.h */,
				76305DB316B32746000014C1 /* SOSEtsyShopRequest.m */,
			);
			name = Requests;
			sourceTree = "<group>";
		};
		76BCEEF0167D41B6007CF802 /* Results */ = {
			isa = PBXGroup;
			children = (
				76BCEEF2167D41DF007CF802 /* SOSEtsyListingsResult.h */,
				76BCEEF3167D41DF007CF802 /* SOSEtsyListingsResult.m */,
				76305DBB16B32ADD000014C1 /* SOSEtsyShopResult.h */,
				76305DBC16B32ADD000014C1 /* SOSEtsyShopResult.m */,
			);
			name = Results;
			sourceTree = "<group>";
		};
/* End PBXGroup section */

/* Begin PBXHeadersBuildPhase section */
		7668EEB41698023600B6D54C /* Headers */ = {
			isa = PBXHeadersBuildPhase;
			buildActionMask = 2147483647;
			files = (
				7668EEB61698026700B6D54C /* SOSEtsyListingsResult.h in Headers */,
				7668EEB71698026700B6D54C /* SOSEtsyResult.h in Headers */,
				7668EEB81698026700B6D54C /* SOSEtsyConstants.h in Headers */,
				7668EEB91698026700B6D54C /* SOSEtsyBaseModel.h in Headers */,
				7668EEBA1698026700B6D54C /* SOSEtsyListing.h in Headers */,
				7668EEBB1698026700B6D54C /* SOSEtsyListingImage.h in Headers */,
				7668EEBC1698026700B6D54C /* SOSEtsyBaseRequest.h in Headers */,
				76305DB416B32746000014C1 /* SOSEtsyShopRequest.h in Headers */,
				76305DB916B3293E000014C1 /* SOSEtsyShop.h in Headers */,
				76305DBD16B32ADD000014C1 /* SOSEtsyShopResult.h in Headers */,
				7668EEBD1698026700B6D54C /* SOSEtsyListingsRequest.h in Headers */,
				7668EEBE1698026700B6D54C /* SOSEtsyApiClient.h in Headers */,
				766B75581748D7D100A24E13 /* AFHTTPClient.h in Headers */,
				766B755B1748D7D100A24E13 /* AFHTTPRequestOperation.h in Headers */,
				766B755E1748D7D100A24E13 /* AFImageRequestOperation.h in Headers */,
				766B75611748D7D100A24E13 /* AFJSONRequestOperation.h in Headers */,
				766B75641748D7D100A24E13 /* AFNetworkActivityIndicatorManager.h in Headers */,
				766B75671748D7D100A24E13 /* AFNetworking.h in Headers */,
				766B75681748D7D100A24E13 /* AFPropertyListRequestOperation.h in Headers */,
				766B756B1748D7D100A24E13 /* AFURLConnectionOperation.h in Headers */,
				766B756E1748D7D100A24E13 /* AFXMLRequestOperation.h in Headers */,
				766B75711748D7D100A24E13 /* UIImageView+AFNetworking.h in Headers */,
			);
			runOnlyForDeploymentPostprocessing = 0;
		};
/* End PBXHeadersBuildPhase section */

/* Begin PBXNativeTarget section */
		769C3043167BF6B9002FA396 /* ios-etsy-sdk */ = {
			isa = PBXNativeTarget;
			buildConfigurationList = 769C3069167BF6BA002FA396 /* Build configuration list for PBXNativeTarget "ios-etsy-sdk" */;
			buildPhases = (
				769C3040167BF6B9002FA396 /* Sources */,
				769C3041167BF6B9002FA396 /* Frameworks */,
				769C3042167BF6B9002FA396 /* CopyFiles */,
				7668EEB41698023600B6D54C /* Headers */,
			);
			buildRules = (
			);
			dependencies = (
			);
			name = "ios-etsy-sdk";
			productName = "ios-etsy-sdk";
			productReference = 769C3044167BF6B9002FA396 /* libios-etsy-sdk.a */;
			productType = "com.apple.product-type.library.static";
		};
		769C3054167BF6B9002FA396 /* ios-etsy-sdkTests */ = {
			isa = PBXNativeTarget;
			buildConfigurationList = 769C306C167BF6BA002FA396 /* Build configuration list for PBXNativeTarget "ios-etsy-sdkTests" */;
			buildPhases = (
				769C3050167BF6B9002FA396 /* Sources */,
				769C3051167BF6B9002FA396 /* Frameworks */,
				769C3052167BF6B9002FA396 /* Resources */,
				769C3053167BF6B9002FA396 /* ShellScript */,
			);
			buildRules = (
			);
			dependencies = (
				769C305C167BF6BA002FA396 /* PBXTargetDependency */,
			);
			name = "ios-etsy-sdkTests";
			productName = "ios-etsy-sdkTests";
			productReference = 769C3055167BF6B9002FA396 /* ios-etsy-sdkTests.octest */;
			productType = "com.apple.product-type.bundle";
		};
/* End PBXNativeTarget section */

/* Begin PBXProject section */
		769C303B167BF6B9002FA396 /* Project object */ = {
			isa = PBXProject;
			attributes = {
				LastUpgradeCheck = 0460;
			};
			buildConfigurationList = 769C303E167BF6B9002FA396 /* Build configuration list for PBXProject "ios-etsy-sdk" */;
			compatibilityVersion = "Xcode 3.2";
			developmentRegion = English;
			hasScannedForEncodings = 0;
			knownRegions = (
				en,
			);
			mainGroup = 769C3039167BF6B9002FA396;
			productRefGroup = 769C3045167BF6B9002FA396 /* Products */;
			projectDirPath = "";
			projectReferences = (
				{
					ProductGroup = 764D54CF1727301300D45D7A /* Products */;
					ProjectRef = 764D54CE1727301300D45D7A /* Kiwi.xcodeproj */;
				},
			);
			projectRoot = "";
			targets = (
				769C3043167BF6B9002FA396 /* ios-etsy-sdk */,
				769C3054167BF6B9002FA396 /* ios-etsy-sdkTests */,
			);
		};
/* End PBXProject section */

/* Begin PBXReferenceProxy section */
		764D54D61727301300D45D7A /* libKiwi.a */ = {
			isa = PBXReferenceProxy;
			fileType = archive.ar;
			path = libKiwi.a;
			remoteRef = 764D54D51727301300D45D7A /* PBXContainerItemProxy */;
			sourceTree = BUILT_PRODUCTS_DIR;
		};
		764D54D81727301300D45D7A /* libKiwi-OSX.a */ = {
			isa = PBXReferenceProxy;
			fileType = archive.ar;
			path = "libKiwi-OSX.a";
			remoteRef = 764D54D71727301300D45D7A /* PBXContainerItemProxy */;
			sourceTree = BUILT_PRODUCTS_DIR;
		};
		764D54DA1727301300D45D7A /* KiwiTests.octest */ = {
			isa = PBXReferenceProxy;
			fileType = wrapper.cfbundle;
			path = KiwiTests.octest;
			remoteRef = 764D54D91727301300D45D7A /* PBXContainerItemProxy */;
			sourceTree = BUILT_PRODUCTS_DIR;
		};
/* End PBXReferenceProxy section */

/* Begin PBXResourcesBuildPhase section */
		769C3052167BF6B9002FA396 /* Resources */ = {
			isa = PBXResourcesBuildPhase;
			buildActionMask = 2147483647;
			files = (
				769C3063167BF6BA002FA396 /* InfoPlist.strings in Resources */,
			);
			runOnlyForDeploymentPostprocessing = 0;
		};
/* End PBXResourcesBuildPhase section */

/* Begin PBXShellScriptBuildPhase section */
		769C3053167BF6B9002FA396 /* ShellScript */ = {
			isa = PBXShellScriptBuildPhase;
			buildActionMask = 2147483647;
			files = (
			);
			inputPaths = (
			);
			outputPaths = (
			);
			runOnlyForDeploymentPostprocessing = 0;
			shellPath = /bin/sh;
			shellScript = "# Run the unit tests in this test bundle.\n\"${SYSTEM_DEVELOPER_DIR}/Tools/RunUnitTests\"\n";
		};
/* End PBXShellScriptBuildPhase section */

/* Begin PBXSourcesBuildPhase section */
		769C3040167BF6B9002FA396 /* Sources */ = {
			isa = PBXSourcesBuildPhase;
			buildActionMask = 2147483647;
			files = (
				769C304F167BF6B9002FA396 /* SOSEtsyApiClient.m in Sources */,
				769C3097167C413F002FA396 /* SOSEtsyResult.m in Sources */,
				769C309A167C4165002FA396 /* SOSEtsyListing.m in Sources */,
				769C309D167C4177002FA396 /* SOSEtsyListingImage.m in Sources */,
				769C30A0167C41C4002FA396 /* SOSEtsyBaseModel.m in Sources */,
				769C30A3167C4218002FA396 /* SOSEtsyBaseRequest.m in Sources */,
				769C30A6167C422A002FA396 /* SOSEtsyListingsRequest.m in Sources */,
				769C30A9167C43D7002FA396 /* SOSEtsyConstants.m in Sources */,
				76BCEEF4167D41DF007CF802 /* SOSEtsyListingsResult.m in Sources */,
				76305DB516B32746000014C1 /* SOSEtsyShopRequest.m in Sources */,
				76305DBA16B3293E000014C1 /* SOSEtsyShop.m in Sources */,
				76305DBE16B32ADD000014C1 /* SOSEtsyShopResult.m in Sources */,
				766B75591748D7D100A24E13 /* AFHTTPClient.m in Sources */,
				766B755C1748D7D100A24E13 /* AFHTTPRequestOperation.m in Sources */,
				766B755F1748D7D100A24E13 /* AFImageRequestOperation.m in Sources */,
				766B75621748D7D100A24E13 /* AFJSONRequestOperation.m in Sources */,
				766B75651748D7D100A24E13 /* AFNetworkActivityIndicatorManager.m in Sources */,
				766B75691748D7D100A24E13 /* AFPropertyListRequestOperation.m in Sources */,
				766B756C1748D7D100A24E13 /* AFURLConnectionOperation.m in Sources */,
				766B756F1748D7D100A24E13 /* AFXMLRequestOperation.m in Sources */,
				766B75721748D7D100A24E13 /* UIImageView+AFNetworking.m in Sources */,
			);
			runOnlyForDeploymentPostprocessing = 0;
		};
		769C3050167BF6B9002FA396 /* Sources */ = {
			isa = PBXSourcesBuildPhase;
			buildActionMask = 2147483647;
			files = (
				76D197A31727356900F0846F /* SOSEtsyApiClientSpec.m in Sources */,
				762830891742D91D00546C57 /* SOSTestURLInterceptor.m in Sources */,
				766B755A1748D7D100A24E13 /* AFHTTPClient.m in Sources */,
				766B755D1748D7D100A24E13 /* AFHTTPRequestOperation.m in Sources */,
				766B75601748D7D100A24E13 /* AFImageRequestOperation.m in Sources */,
				766B75631748D7D100A24E13 /* AFJSONRequestOperation.m in Sources */,
				766B75661748D7D100A24E13 /* AFNetworkActivityIndicatorManager.m in Sources */,
				766B756A1748D7D100A24E13 /* AFPropertyListRequestOperation.m in Sources */,
				766B756D1748D7D100A24E13 /* AFURLConnectionOperation.m in Sources */,
				766B75701748D7D100A24E13 /* AFXMLRequestOperation.m in Sources */,
				766B75731748D7D100A24E13 /* UIImageView+AFNetworking.m in Sources */,
			);
			runOnlyForDeploymentPostprocessing = 0;
		};
/* End PBXSourcesBuildPhase section */

/* Begin PBXTargetDependency section */
		769C305C167BF6BA002FA396 /* PBXTargetDependency */ = {
			isa = PBXTargetDependency;
			target = 769C3043167BF6B9002FA396 /* ios-etsy-sdk */;
			targetProxy = 769C305B167BF6BA002FA396 /* PBXContainerItemProxy */;
		};
/* End PBXTargetDependency section */

/* Begin PBXVariantGroup section */
		769C3061167BF6BA002FA396 /* InfoPlist.strings */ = {
			isa = PBXVariantGroup;
			children = (
				769C3062167BF6BA002FA396 /* en */,
			);
			name = InfoPlist.strings;
			sourceTree = "<group>";
		};
/* End PBXVariantGroup section */

/* Begin XCBuildConfiguration section */
		769C3067167BF6BA002FA396 /* Debug */ = {
			isa = XCBuildConfiguration;
			buildSettings = {
				ALWAYS_SEARCH_USER_PATHS = NO;
				CLANG_CXX_LANGUAGE_STANDARD = "gnu++0x";
				CLANG_CXX_LIBRARY = "libc++";
				CLANG_ENABLE_OBJC_ARC = YES;
				CLANG_WARN_EMPTY_BODY = YES;
				CLANG_WARN__DUPLICATE_METHOD_MATCH = YES;
				COPY_PHASE_STRIP = NO;
				GCC_C_LANGUAGE_STANDARD = gnu99;
				GCC_DYNAMIC_NO_PIC = NO;
				GCC_OPTIMIZATION_LEVEL = 0;
				GCC_PREPROCESSOR_DEFINITIONS = (
					"DEBUG=1",
					"$(inherited)",
				);
				GCC_SYMBOLS_PRIVATE_EXTERN = NO;
				GCC_WARN_ABOUT_RETURN_TYPE = YES;
				GCC_WARN_UNINITIALIZED_AUTOS = YES;
				GCC_WARN_UNUSED_VARIABLE = YES;
				IPHONEOS_DEPLOYMENT_TARGET = 6.0;
				SDKROOT = iphoneos;
			};
			name = Debug;
		};
		769C3068167BF6BA002FA396 /* Release */ = {
			isa = XCBuildConfiguration;
			buildSettings = {
				ALWAYS_SEARCH_USER_PATHS = NO;
				CLANG_CXX_LANGUAGE_STANDARD = "gnu++0x";
				CLANG_CXX_LIBRARY = "libc++";
				CLANG_ENABLE_OBJC_ARC = YES;
				CLANG_WARN_EMPTY_BODY = YES;
				CLANG_WARN__DUPLICATE_METHOD_MATCH = YES;
				COPY_PHASE_STRIP = YES;
				GCC_C_LANGUAGE_STANDARD = gnu99;
				GCC_WARN_ABOUT_RETURN_TYPE = YES;
				GCC_WARN_UNINITIALIZED_AUTOS = YES;
				GCC_WARN_UNUSED_VARIABLE = YES;
				IPHONEOS_DEPLOYMENT_TARGET = 6.0;
				SDKROOT = iphoneos;
				VALIDATE_PRODUCT = YES;
			};
			name = Release;
		};
		769C306A167BF6BA002FA396 /* Debug */ = {
			isa = XCBuildConfiguration;
			buildSettings = {
				DSTROOT = /tmp/ios_etsy_sdk.dst;
				GCC_PRECOMPILE_PREFIX_HEADER = YES;
				GCC_PREFIX_HEADER = "ios-etsy-sdk/ios-etsy-sdk-Prefix.pch";
				IPHONEOS_DEPLOYMENT_TARGET = 5.0;
				OTHER_LDFLAGS = "-ObjC";
				PRODUCT_NAME = "$(TARGET_NAME)";
				SKIP_INSTALL = YES;
			};
			name = Debug;
		};
		769C306B167BF6BA002FA396 /* Release */ = {
			isa = XCBuildConfiguration;
			buildSettings = {
				DSTROOT = /tmp/ios_etsy_sdk.dst;
				GCC_PRECOMPILE_PREFIX_HEADER = YES;
				GCC_PREFIX_HEADER = "ios-etsy-sdk/ios-etsy-sdk-Prefix.pch";
				IPHONEOS_DEPLOYMENT_TARGET = 5.0;
				OTHER_LDFLAGS = "-ObjC";
				PRODUCT_NAME = "$(TARGET_NAME)";
				SKIP_INSTALL = YES;
			};
			name = Release;
		};
		769C306D167BF6BA002FA396 /* Debug */ = {
			isa = XCBuildConfiguration;
			buildSettings = {
				FRAMEWORK_SEARCH_PATHS = (
					"\"$(SDKROOT)/Developer/Library/Frameworks\"",
					"\"$(DEVELOPER_LIBRARY_DIR)/Frameworks\"",
				);
				GCC_PRECOMPILE_PREFIX_HEADER = YES;
				GCC_PREFIX_HEADER = "ios-etsy-sdk/ios-etsy-sdk-Prefix.pch";
				INFOPLIST_FILE = "ios-etsy-sdkTests/ios-etsy-sdkTests-Info.plist";
				OTHER_LDFLAGS = "-all_load";
				PRODUCT_NAME = "$(TARGET_NAME)";
				USER_HEADER_SEARCH_PATHS = "\"$(SRCROOT)/ios-etsy-sdkTests/Dependencies/Kiwi/Classes/**";
				WRAPPER_EXTENSION = octest;
			};
			name = Debug;
		};
		769C306E167BF6BA002FA396 /* Release */ = {
			isa = XCBuildConfiguration;
			buildSettings = {
				FRAMEWORK_SEARCH_PATHS = (
					"\"$(SDKROOT)/Developer/Library/Frameworks\"",
					"\"$(DEVELOPER_LIBRARY_DIR)/Frameworks\"",
				);
				GCC_PRECOMPILE_PREFIX_HEADER = YES;
				GCC_PREFIX_HEADER = "ios-etsy-sdk/ios-etsy-sdk-Prefix.pch";
				INFOPLIST_FILE = "ios-etsy-sdkTests/ios-etsy-sdkTests-Info.plist";
				OTHER_LDFLAGS = "-all_load";
				PRODUCT_NAME = "$(TARGET_NAME)";
				USER_HEADER_SEARCH_PATHS = "\"$(SRCROOT)/ios-etsy-sdkTests/Dependencies/Kiwi/Classes/**";
				WRAPPER_EXTENSION = octest;
			};
			name = Release;
		};
/* End XCBuildConfiguration section */

/* Begin XCConfigurationList section */
		769C303E167BF6B9002FA396 /* Build configuration list for PBXProject "ios-etsy-sdk" */ = {
			isa = XCConfigurationList;
			buildConfigurations = (
				769C3067167BF6BA002FA396 /* Debug */,
				769C3068167BF6BA002FA396 /* Release */,
			);
			defaultConfigurationIsVisible = 0;
			defaultConfigurationName = Release;
		};
		769C3069167BF6BA002FA396 /* Build configuration list for PBXNativeTarget "ios-etsy-sdk" */ = {
			isa = XCConfigurationList;
			buildConfigurations = (
				769C306A167BF6BA002FA396 /* Debug */,
				769C306B167BF6BA002FA396 /* Release */,
			);
			defaultConfigurationIsVisible = 0;
			defaultConfigurationName = Release;
		};
		769C306C167BF6BA002FA396 /* Build configuration list for PBXNativeTarget "ios-etsy-sdkTests" */ = {
			isa = XCConfigurationList;
			buildConfigurations = (
				769C306D167BF6BA002FA396 /* Debug */,
				769C306E167BF6BA002FA396 /* Release */,
			);
			defaultConfigurationIsVisible = 0;
			defaultConfigurationName = Release;
		};
/* End XCConfigurationList section */
	};
	rootObject = 769C303B167BF6B9002FA396 /* Project object */;
}
